
Microsoft Visual Studio Solution File, Format Version 12.00
# Visual Studio 15
VisualStudioVersion = 15.0.28010.2003
MinimumVisualStudioVersion = 10.0.40219.1
Project("{9A19103F-16F7-4668-BE54-9A1E7A4F7556}") = "EF6TempTableKit", "EF6TempTableKit\EF6TempTableKit.csproj", "{AEB41811-D5C7-4DC5-8EAC-D1F73A112E11}"
EndProject
Project("{FAE04EC0-301F-11D3-BF4B-00C04F79EFBC}") = "EF6TempTableKit.Test.Web", "EF6TempTableKit.Test.Web\EF6TempTableKit.Test.Web.csproj", "{E21F8441-78FA-4EC2-BA4A-FC3CF7380424}"
EndProject
Global
	GlobalSection(SolutionConfigurationPlatforms) = preSolution
		Debug|Any CPU = Debug|Any CPU
		Release|Any CPU = Release|Any CPU
	EndGlobalSection
	GlobalSection(ProjectConfigurationPlatforms) = postSolution
		{AEB41811-D5C7-4DC5-8EAC-D1F73A112E11}.Debug|Any CPU.ActiveCfg = Debug|Any CPU
		{AEB41811-D5C7-4DC5-8EAC-D1F73A112E11}.Debug|Any CPU.Build.0 = Debug|Any CPU
		{AEB41811-D5C7-4DC5-8EAC-D1F73A112E11}.Release|Any CPU.ActiveCfg = Release|Any CPU
		{AEB41811-D5C7-4DC5-8EAC-D1F73A112E11}.Release|Any CPU.Build.0 = Release|Any CPU
		{E21F8441-78FA-4EC2-BA4A-FC3CF7380424}.Debug|Any CPU.ActiveCfg = Debug|Any CPU
		{E21F8441-78FA-4EC2-BA4A-FC3CF7380424}.Debug|Any CPU.Build.0 = Debug|Any CPU
		{E21F8441-78FA-4EC2-BA4A-FC3CF7380424}.Release|Any CPU.ActiveCfg = Release|Any CPU
		{E21F8441-78FA-4EC2-BA4A-FC3CF7380424}.Release|Any CPU.Build.0 = Release|Any CPU
	EndGlobalSection
	GlobalSection(SolutionProperties) = preSolution
		HideSolutionNode = FALSE
	EndGlobalSection
	GlobalSection(ExtensibilityGlobals) = postSolution
		SolutionGuid = {689812C5-CB7D-4252-B0AA-4AE98AAEBE14}
	EndGlobalSection
EndGlobal
