
Microsoft Visual Studio Solution File, Format Version 12.00
# Visual Studio 15
VisualStudioVersion = 15.0.28010.2003
MinimumVisualStudioVersion = 10.0.40219.1
Project("{FAE04EC0-301F-11D3-BF4B-00C04F79EFBC}") = "EFIntercept", "EFIntercept\EFIntercept.csproj", "{E21F8441-78FA-4EC2-BA4A-FC3CF7380424}"
EndProject
Project("{FAE04EC0-301F-11D3-BF4B-00C04F79EFBC}") = "SharDev.EFInterceptor", "SharDev.EFInterceptor\SharDev.EFInterceptor.csproj", "{5B9B5BAE-0377-4719-BF60-F6649221CA1C}"
EndProject
Global
	GlobalSection(SolutionConfigurationPlatforms) = preSolution
		Debug|Any CPU = Debug|Any CPU
		Release|Any CPU = Release|Any CPU
	EndGlobalSection
	GlobalSection(ProjectConfigurationPlatforms) = postSolution
		{E21F8441-78FA-4EC2-BA4A-FC3CF7380424}.Debug|Any CPU.ActiveCfg = Debug|Any CPU
		{E21F8441-78FA-4EC2-BA4A-FC3CF7380424}.Debug|Any CPU.Build.0 = Debug|Any CPU
		{E21F8441-78FA-4EC2-BA4A-FC3CF7380424}.Release|Any CPU.ActiveCfg = Release|Any CPU
		{E21F8441-78FA-4EC2-BA4A-FC3CF7380424}.Release|Any CPU.Build.0 = Release|Any CPU
		{5B9B5BAE-0377-4719-BF60-F6649221CA1C}.Debug|Any CPU.ActiveCfg = Debug|Any CPU
		{5B9B5BAE-0377-4719-BF60-F6649221CA1C}.Debug|Any CPU.Build.0 = Debug|Any CPU
		{5B9B5BAE-0377-4719-BF60-F6649221CA1C}.Release|Any CPU.ActiveCfg = Release|Any CPU
		{5B9B5BAE-0377-4719-BF60-F6649221CA1C}.Release|Any CPU.Build.0 = Release|Any CPU
	EndGlobalSection
	GlobalSection(SolutionProperties) = preSolution
		HideSolutionNode = FALSE
	EndGlobalSection
	GlobalSection(ExtensibilityGlobals) = postSolution
		SolutionGuid = {689812C5-CB7D-4252-B0AA-4AE98AAEBE14}
	EndGlobalSection
EndGlobal
